
Microsoft Visual Studio Solution File, Format Version 12.00
# Visual Studio Version 17
VisualStudioVersion = 17.0.31903.59
MinimumVisualStudioVersion = 10.0.40219.1
Project("{FAE04EC0-301F-11D3-BF4B-00C04F79EFBC}") = "Bonsai.Scripting.Expressions", "src\Bonsai.Scripting.Expressions\Bonsai.Scripting.Expressions.csproj", "{43F663A5-561F-894B-2AEF-410F51B6102D}"
EndProject
Project("{FAE04EC0-301F-11D3-BF4B-00C04F79EFBC}") = "Bonsai.Scripting.Expressions.Design", "src\Bonsai.Scripting.Expressions.Design\Bonsai.Scripting.Expressions.Design.csproj", "{A6ADFFAA-CA25-545C-AC3F-4BC3D819B8CB}"
EndProject
Project("{2150E333-8FDC-42A3-9474-1A3956D46DE8}") = "build", "build", "{DEE5DD87-39C1-BF34-B639-A387DCCF972B}"
	ProjectSection(SolutionItems) = preProject
		build\Common.csproj.props = build\Common.csproj.props
		build\Common.csproj.targets = build\Common.csproj.targets
		build\Common.Tests.csproj.props = build\Common.Tests.csproj.props
		build\icon.png = build\icon.png
		build\Package.props = build\Package.props
		build\Project.csproj.props = build\Project.csproj.props
	EndProjectSection
EndProject
Global
	GlobalSection(SolutionConfigurationPlatforms) = preSolution
		Debug|Any CPU = Debug|Any CPU
		Release|Any CPU = Release|Any CPU
	EndGlobalSection
	GlobalSection(ProjectConfigurationPlatforms) = postSolution
		{43F663A5-561F-894B-2AEF-410F51B6102D}.Debug|Any CPU.ActiveCfg = Debug|Any CPU
		{43F663A5-561F-894B-2AEF-410F51B6102D}.Debug|Any CPU.Build.0 = Debug|Any CPU
		{43F663A5-561F-894B-2AEF-410F51B6102D}.Release|Any CPU.ActiveCfg = Release|Any CPU
		{43F663A5-561F-894B-2AEF-410F51B6102D}.Release|Any CPU.Build.0 = Release|Any CPU
		{A6ADFFAA-CA25-545C-AC3F-4BC3D819B8CB}.Debug|Any CPU.ActiveCfg = Debug|Any CPU
		{A6ADFFAA-CA25-545C-AC3F-4BC3D819B8CB}.Debug|Any CPU.Build.0 = Debug|Any CPU
		{A6ADFFAA-CA25-545C-AC3F-4BC3D819B8CB}.Release|Any CPU.ActiveCfg = Release|Any CPU
		{A6ADFFAA-CA25-545C-AC3F-4BC3D819B8CB}.Release|Any CPU.Build.0 = Release|Any CPU
	EndGlobalSection
	GlobalSection(SolutionProperties) = preSolution
		HideSolutionNode = FALSE
	EndGlobalSection
EndGlobal
